
Microsoft Visual Studio Solution File, Format Version 12.00
# Visual Studio 15
VisualStudioVersion = 15.0.26730.3
MinimumVisualStudioVersion = 10.0.40219.1
Project("{FAE04EC0-301F-11D3-BF4B-00C04F79EFBC}") = "MyApp.Web.Common", "MyApp.Web.Common\MyApp.Web.Common.csproj", "{4B4AB90A-9AE2-4DF4-AC34-CDBE9E8EDBF7}"
EndProject
Project("{FAE04EC0-301F-11D3-BF4B-00C04F79EFBC}") = "MyApp.Web.Api", "MyApp.Web.Api\MyApp.Web.Api.csproj", "{52860D20-0D0A-4BFF-BB75-36298D358928}"
EndProject
Global
	GlobalSection(SolutionConfigurationPlatforms) = preSolution
		Debug|Any CPU = Debug|Any CPU
		Release|Any CPU = Release|Any CPU
	EndGlobalSection
	GlobalSection(ProjectConfigurationPlatforms) = postSolution
		{4B4AB90A-9AE2-4DF4-AC34-CDBE9E8EDBF7}.Debug|Any CPU.ActiveCfg = Debug|Any CPU
		{4B4AB90A-9AE2-4DF4-AC34-CDBE9E8EDBF7}.Debug|Any CPU.Build.0 = Debug|Any CPU
		{4B4AB90A-9AE2-4DF4-AC34-CDBE9E8EDBF7}.Release|Any CPU.ActiveCfg = Release|Any CPU
		{4B4AB90A-9AE2-4DF4-AC34-CDBE9E8EDBF7}.Release|Any CPU.Build.0 = Release|Any CPU
		{52860D20-0D0A-4BFF-BB75-36298D358928}.Debug|Any CPU.ActiveCfg = Debug|Any CPU
		{52860D20-0D0A-4BFF-BB75-36298D358928}.Debug|Any CPU.Build.0 = Debug|Any CPU
		{52860D20-0D0A-4BFF-BB75-36298D358928}.Release|Any CPU.ActiveCfg = Release|Any CPU
		{52860D20-0D0A-4BFF-BB75-36298D358928}.Release|Any CPU.Build.0 = Release|Any CPU
	EndGlobalSection
	GlobalSection(SolutionProperties) = preSolution
		HideSolutionNode = FALSE
	EndGlobalSection
	GlobalSection(ExtensibilityGlobals) = postSolution
		SolutionGuid = {A8FBA879-A2E6-417B-BDAD-96942956604E}
	EndGlobalSection
EndGlobal
